
Microsoft Visual Studio Solution File, Format Version 12.00
# Visual Studio Version 17
VisualStudioVersion = 17.4.33103.184
MinimumVisualStudioVersion = 10.0.40219.1
Project("{2150E333-8FDC-42A3-9474-1A3956D46DE8}") = "framework", "framework", "{AA18328A-2BF1-4391-876D-EB5E6836721B}"
EndProject
Project("{2150E333-8FDC-42A3-9474-1A3956D46DE8}") = "src", "src", "{E8BE9B20-A9E5-4790-BA5D-A3927F712108}"
EndProject
Project("{9A19103F-16F7-4668-BE54-9A1E7A4F7556}") = "Wheel.Core", "backend\framework\Wheel.Core\Wheel.Core.csproj", "{6E96E4A7-E7A6-4F04-AEFB-E8919408887F}"
EndProject
Project("{9A19103F-16F7-4668-BE54-9A1E7A4F7556}") = "Wheel.Shared", "backend\src\Wheel.Shared\Wheel.Shared.csproj", "{C9B33D1C-BB0B-4DFF-8645-4CC0462243FC}"
EndProject
Project("{9A19103F-16F7-4668-BE54-9A1E7A4F7556}") = "Wheel.Domain", "backend\src\Wheel.Domain\Wheel.Domain.csproj", "{87D7D5F1-02D3-4250-B5B0-098BDC339394}"
EndProject
Project("{9A19103F-16F7-4668-BE54-9A1E7A4F7556}") = "Wheel.Data", "backend\src\Wheel.Data\Wheel.Data.csproj", "{C397E975-18C8-4647-A411-77443BC8BC47}"
EndProject
Project("{9A19103F-16F7-4668-BE54-9A1E7A4F7556}") = "Wheel.Application", "backend\src\Wheel.Application\Wheel.Application.csproj", "{3956E368-98DA-4EC3-B6D8-84115B79AD6D}"
EndProject
Project("{9A19103F-16F7-4668-BE54-9A1E7A4F7556}") = "Wheel.Api", "backend\src\Wheel.Api\Wheel.Api.csproj", "{D4188F4E-D793-4756-9EF4-B2DF7248E926}"
EndProject
Project("{9A19103F-16F7-4668-BE54-9A1E7A4F7556}") = "Wheel.WebApi.Host", "backend\src\Wheel.WebApi.Host\Wheel.WebApi.Host.csproj", "{7CD4228C-F884-45DC-AE92-00C5E3F4064D}"
EndProject
Project("{9A19103F-16F7-4668-BE54-9A1E7A4F7556}") = "Wheel.DependencyInjection", "backend\framework\Wheel.DependencyInjection\Wheel.DependencyInjection.csproj", "{FD8732DC-994E-4F77-AB0E-9022765649AD}"
EndProject
Project("{9A19103F-16F7-4668-BE54-9A1E7A4F7556}") = "Wheel.Cache", "backend\framework\Wheel.Cache\Wheel.Cache.csproj", "{1CFB955F-9080-4F4E-A85A-AC680BC503FE}"
EndProject
Project("{9A19103F-16F7-4668-BE54-9A1E7A4F7556}") = "Wheel.EventBus", "backend\framework\Wheel.EventBus\Wheel.EventBus.csproj", "{ED344295-0270-4086-894C-71802A7702EC}"
EndProject
Project("{9A19103F-16F7-4668-BE54-9A1E7A4F7556}") = "Wheel.Settings", "backend\framework\Wheel.Settings\Wheel.Settings.csproj", "{E30FDCAF-5513-49EE-BD94-6B37F1FD5846}"
EndProject
Project("{9A19103F-16F7-4668-BE54-9A1E7A4F7556}") = "Wheel.FileStorages", "backend\framework\Wheel.FileStorages\Wheel.FileStorages.csproj", "{B75C9181-D431-4A70-A16F-D3D9BE4EFE9F}"
EndProject
Project("{9A19103F-16F7-4668-BE54-9A1E7A4F7556}") = "Wheel.Extensions", "backend\framework\Wheel.Extensions\Wheel.Extensions.csproj", "{8EBED27F-668B-4F9F-86F7-6A93190EB853}"
EndProject
Project("{9A19103F-16F7-4668-BE54-9A1E7A4F7556}") = "Wheel.Utilities", "backend\framework\Wheel.Utilities\Wheel.Utilities.csproj", "{D1715F0C-9218-4312-98F6-8F57D240AF46}"
EndProject
Project("{9A19103F-16F7-4668-BE54-9A1E7A4F7556}") = "Wheel.Graphql", "backend\framework\Wheel.Graphql\Wheel.Graphql.csproj", "{2408B9EA-32C3-406F-BACE-CCC79D961AF6}"
EndProject
Project("{9A19103F-16F7-4668-BE54-9A1E7A4F7556}") = "Wheel.Authorization", "backend\framework\Wheel.Authorization\Wheel.Authorization.csproj", "{F1770487-F830-49EF-9B13-4C5DE2FDF531}"
EndProject
Project("{9A19103F-16F7-4668-BE54-9A1E7A4F7556}") = "Wheel.Json", "backend\framework\Wheel.Json\Wheel.Json.csproj", "{C29C8C37-0CEF-4E23-9248-BB754EE8EB72}"
EndProject
Project("{9A19103F-16F7-4668-BE54-9A1E7A4F7556}") = "Wheel.FileStorages.Minio", "backend\framework\Wheel.FileStorages.Minio\Wheel.FileStorages.Minio.csproj", "{3EE4DD03-3823-4173-9478-C5A123CBE918}"
EndProject
Project("{9A19103F-16F7-4668-BE54-9A1E7A4F7556}") = "Wheel.EventBus.Cap", "backend\framework\Wheel.EventBus.Cap\Wheel.EventBus.Cap.csproj", "{DFD7C66E-FF22-4051-ACDE-8BD0FB2D401B}"
EndProject
Project("{9A19103F-16F7-4668-BE54-9A1E7A4F7556}") = "Wheel.EventBus.MediatR", "backend\framework\Wheel.EventBus.MediatR\Wheel.EventBus.MediatR.csproj", "{B4627D6A-4D20-40D8-8C95-61927307C59E}"
EndProject
Project("{9A19103F-16F7-4668-BE54-9A1E7A4F7556}") = "Wheel.EventBus.Channels", "backend\framework\Wheel.EventBus.Channels\Wheel.EventBus.Channels.csproj", "{816A5BA7-FA64-4CC3-AB76-29B1D8506215}"
EndProject
Project("{9A19103F-16F7-4668-BE54-9A1E7A4F7556}") = "Wheel.Users", "backend\framework\Wheel.Users\Wheel.Users.csproj", "{81F1088E-E94C-478E-A602-F56C61E18EDE}"
EndProject
Project("{9A19103F-16F7-4668-BE54-9A1E7A4F7556}") = "Wheel.Permissions", "backend\framework\Wheel.Permissions\Wheel.Permissions.csproj", "{9E95C35D-028B-4F7F-B2D6-5FA1C74EA1E9}"
EndProject
Project("{9A19103F-16F7-4668-BE54-9A1E7A4F7556}") = "Wheel.Localization", "backend\framework\Wheel.Localization\Wheel.Localization.csproj", "{D0C8A2C3-C033-4454-97B5-36C1AC971F4A}"
EndProject
Project("{9A19103F-16F7-4668-BE54-9A1E7A4F7556}") = "Wheel.Hangfire", "backend\framework\Wheel.Hangfire\Wheel.Hangfire.csproj", "{657775ED-38BE-4232-BA95-CA59C98F3784}"
EndProject
Project("{2150E333-8FDC-42A3-9474-1A3956D46DE8}") = "aspire", "aspire", "{44E27190-F64A-4F83-854B-FB92FDA0E528}"
EndProject
Project("{9A19103F-16F7-4668-BE54-9A1E7A4F7556}") = "Wheel.ServiceDefaults", "backend\aspire\Wheel.ServiceDefaults\Wheel.ServiceDefaults.csproj", "{4277A7DE-751C-4949-AB55-8CE1895551C9}"
EndProject
Project("{9A19103F-16F7-4668-BE54-9A1E7A4F7556}") = "Wheel.AppHost", "backend\aspire\Wheel.AppHost\Wheel.AppHost.csproj", "{3687018B-255A-4196-AF35-831A6AFE3DB9}"
EndProject
Global
	GlobalSection(SolutionConfigurationPlatforms) = preSolution
		Debug|Any CPU = Debug|Any CPU
		Release|Any CPU = Release|Any CPU
	EndGlobalSection
	GlobalSection(ProjectConfigurationPlatforms) = postSolution
		{6E96E4A7-E7A6-4F04-AEFB-E8919408887F}.Debug|Any CPU.ActiveCfg = Debug|Any CPU
		{6E96E4A7-E7A6-4F04-AEFB-E8919408887F}.Debug|Any CPU.Build.0 = Debug|Any CPU
		{6E96E4A7-E7A6-4F04-AEFB-E8919408887F}.Release|Any CPU.ActiveCfg = Release|Any CPU
		{6E96E4A7-E7A6-4F04-AEFB-E8919408887F}.Release|Any CPU.Build.0 = Release|Any CPU
		{C9B33D1C-BB0B-4DFF-8645-4CC0462243FC}.Debug|Any CPU.ActiveCfg = Debug|Any CPU
		{C9B33D1C-BB0B-4DFF-8645-4CC0462243FC}.Debug|Any CPU.Build.0 = Debug|Any CPU
		{C9B33D1C-BB0B-4DFF-8645-4CC0462243FC}.Release|Any CPU.ActiveCfg = Release|Any CPU
		{C9B33D1C-BB0B-4DFF-8645-4CC0462243FC}.Release|Any CPU.Build.0 = Release|Any CPU
		{87D7D5F1-02D3-4250-B5B0-098BDC339394}.Debug|Any CPU.ActiveCfg = Debug|Any CPU
		{87D7D5F1-02D3-4250-B5B0-098BDC339394}.Debug|Any CPU.Build.0 = Debug|Any CPU
		{87D7D5F1-02D3-4250-B5B0-098BDC339394}.Release|Any CPU.ActiveCfg = Release|Any CPU
		{87D7D5F1-02D3-4250-B5B0-098BDC339394}.Release|Any CPU.Build.0 = Release|Any CPU
		{C397E975-18C8-4647-A411-77443BC8BC47}.Debug|Any CPU.ActiveCfg = Debug|Any CPU
		{C397E975-18C8-4647-A411-77443BC8BC47}.Debug|Any CPU.Build.0 = Debug|Any CPU
		{C397E975-18C8-4647-A411-77443BC8BC47}.Release|Any CPU.ActiveCfg = Release|Any CPU
		{C397E975-18C8-4647-A411-77443BC8BC47}.Release|Any CPU.Build.0 = Release|Any CPU
		{3956E368-98DA-4EC3-B6D8-84115B79AD6D}.Debug|Any CPU.ActiveCfg = Debug|Any CPU
		{3956E368-98DA-4EC3-B6D8-84115B79AD6D}.Debug|Any CPU.Build.0 = Debug|Any CPU
		{3956E368-98DA-4EC3-B6D8-84115B79AD6D}.Release|Any CPU.ActiveCfg = Release|Any CPU
		{3956E368-98DA-4EC3-B6D8-84115B79AD6D}.Release|Any CPU.Build.0 = Release|Any CPU
		{D4188F4E-D793-4756-9EF4-B2DF7248E926}.Debug|Any CPU.ActiveCfg = Debug|Any CPU
		{D4188F4E-D793-4756-9EF4-B2DF7248E926}.Debug|Any CPU.Build.0 = Debug|Any CPU
		{D4188F4E-D793-4756-9EF4-B2DF7248E926}.Release|Any CPU.ActiveCfg = Release|Any CPU
		{D4188F4E-D793-4756-9EF4-B2DF7248E926}.Release|Any CPU.Build.0 = Release|Any CPU
		{7CD4228C-F884-45DC-AE92-00C5E3F4064D}.Debug|Any CPU.ActiveCfg = Debug|Any CPU
		{7CD4228C-F884-45DC-AE92-00C5E3F4064D}.Debug|Any CPU.Build.0 = Debug|Any CPU
		{7CD4228C-F884-45DC-AE92-00C5E3F4064D}.Release|Any CPU.ActiveCfg = Release|Any CPU
		{7CD4228C-F884-45DC-AE92-00C5E3F4064D}.Release|Any CPU.Build.0 = Release|Any CPU
		{FD8732DC-994E-4F77-AB0E-9022765649AD}.Debug|Any CPU.ActiveCfg = Debug|Any CPU
		{FD8732DC-994E-4F77-AB0E-9022765649AD}.Debug|Any CPU.Build.0 = Debug|Any CPU
		{FD8732DC-994E-4F77-AB0E-9022765649AD}.Release|Any CPU.ActiveCfg = Release|Any CPU
		{FD8732DC-994E-4F77-AB0E-9022765649AD}.Release|Any CPU.Build.0 = Release|Any CPU
		{1CFB955F-9080-4F4E-A85A-AC680BC503FE}.Debug|Any CPU.ActiveCfg = Debug|Any CPU
		{1CFB955F-9080-4F4E-A85A-AC680BC503FE}.Debug|Any CPU.Build.0 = Debug|Any CPU
		{1CFB955F-9080-4F4E-A85A-AC680BC503FE}.Release|Any CPU.ActiveCfg = Release|Any CPU
		{1CFB955F-9080-4F4E-A85A-AC680BC503FE}.Release|Any CPU.Build.0 = Release|Any CPU
		{ED344295-0270-4086-894C-71802A7702EC}.Debug|Any CPU.ActiveCfg = Debug|Any CPU
		{ED344295-0270-4086-894C-71802A7702EC}.Debug|Any CPU.Build.0 = Debug|Any CPU
		{ED344295-0270-4086-894C-71802A7702EC}.Release|Any CPU.ActiveCfg = Release|Any CPU
		{ED344295-0270-4086-894C-71802A7702EC}.Release|Any CPU.Build.0 = Release|Any CPU
		{E30FDCAF-5513-49EE-BD94-6B37F1FD5846}.Debug|Any CPU.ActiveCfg = Debug|Any CPU
		{E30FDCAF-5513-49EE-BD94-6B37F1FD5846}.Debug|Any CPU.Build.0 = Debug|Any CPU
		{E30FDCAF-5513-49EE-BD94-6B37F1FD5846}.Release|Any CPU.ActiveCfg = Release|Any CPU
		{E30FDCAF-5513-49EE-BD94-6B37F1FD5846}.Release|Any CPU.Build.0 = Release|Any CPU
		{B75C9181-D431-4A70-A16F-D3D9BE4EFE9F}.Debug|Any CPU.ActiveCfg = Debug|Any CPU
		{B75C9181-D431-4A70-A16F-D3D9BE4EFE9F}.Debug|Any CPU.Build.0 = Debug|Any CPU
		{B75C9181-D431-4A70-A16F-D3D9BE4EFE9F}.Release|Any CPU.ActiveCfg = Release|Any CPU
		{B75C9181-D431-4A70-A16F-D3D9BE4EFE9F}.Release|Any CPU.Build.0 = Release|Any CPU
		{8EBED27F-668B-4F9F-86F7-6A93190EB853}.Debug|Any CPU.ActiveCfg = Debug|Any CPU
		{8EBED27F-668B-4F9F-86F7-6A93190EB853}.Debug|Any CPU.Build.0 = Debug|Any CPU
		{8EBED27F-668B-4F9F-86F7-6A93190EB853}.Release|Any CPU.ActiveCfg = Release|Any CPU
		{8EBED27F-668B-4F9F-86F7-6A93190EB853}.Release|Any CPU.Build.0 = Release|Any CPU
		{D1715F0C-9218-4312-98F6-8F57D240AF46}.Debug|Any CPU.ActiveCfg = Debug|Any CPU
		{D1715F0C-9218-4312-98F6-8F57D240AF46}.Debug|Any CPU.Build.0 = Debug|Any CPU
		{D1715F0C-9218-4312-98F6-8F57D240AF46}.Release|Any CPU.ActiveCfg = Release|Any CPU
		{D1715F0C-9218-4312-98F6-8F57D240AF46}.Release|Any CPU.Build.0 = Release|Any CPU
		{2408B9EA-32C3-406F-BACE-CCC79D961AF6}.Debug|Any CPU.ActiveCfg = Debug|Any CPU
		{2408B9EA-32C3-406F-BACE-CCC79D961AF6}.Debug|Any CPU.Build.0 = Debug|Any CPU
		{2408B9EA-32C3-406F-BACE-CCC79D961AF6}.Release|Any CPU.ActiveCfg = Release|Any CPU
		{2408B9EA-32C3-406F-BACE-CCC79D961AF6}.Release|Any CPU.Build.0 = Release|Any CPU
		{F1770487-F830-49EF-9B13-4C5DE2FDF531}.Debug|Any CPU.ActiveCfg = Debug|Any CPU
		{F1770487-F830-49EF-9B13-4C5DE2FDF531}.Debug|Any CPU.Build.0 = Debug|Any CPU
		{F1770487-F830-49EF-9B13-4C5DE2FDF531}.Release|Any CPU.ActiveCfg = Release|Any CPU
		{F1770487-F830-49EF-9B13-4C5DE2FDF531}.Release|Any CPU.Build.0 = Release|Any CPU
		{C29C8C37-0CEF-4E23-9248-BB754EE8EB72}.Debug|Any CPU.ActiveCfg = Debug|Any CPU
		{C29C8C37-0CEF-4E23-9248-BB754EE8EB72}.Debug|Any CPU.Build.0 = Debug|Any CPU
		{C29C8C37-0CEF-4E23-9248-BB754EE8EB72}.Release|Any CPU.ActiveCfg = Release|Any CPU
		{C29C8C37-0CEF-4E23-9248-BB754EE8EB72}.Release|Any CPU.Build.0 = Release|Any CPU
		{3EE4DD03-3823-4173-9478-C5A123CBE918}.Debug|Any CPU.ActiveCfg = Debug|Any CPU
		{3EE4DD03-3823-4173-9478-C5A123CBE918}.Debug|Any CPU.Build.0 = Debug|Any CPU
		{3EE4DD03-3823-4173-9478-C5A123CBE918}.Release|Any CPU.ActiveCfg = Release|Any CPU
		{3EE4DD03-3823-4173-9478-C5A123CBE918}.Release|Any CPU.Build.0 = Release|Any CPU
		{DFD7C66E-FF22-4051-ACDE-8BD0FB2D401B}.Debug|Any CPU.ActiveCfg = Debug|Any CPU
		{DFD7C66E-FF22-4051-ACDE-8BD0FB2D401B}.Debug|Any CPU.Build.0 = Debug|Any CPU
		{DFD7C66E-FF22-4051-ACDE-8BD0FB2D401B}.Release|Any CPU.ActiveCfg = Release|Any CPU
		{DFD7C66E-FF22-4051-ACDE-8BD0FB2D401B}.Release|Any CPU.Build.0 = Release|Any CPU
		{B4627D6A-4D20-40D8-8C95-61927307C59E}.Debug|Any CPU.ActiveCfg = Debug|Any CPU
		{B4627D6A-4D20-40D8-8C95-61927307C59E}.Debug|Any CPU.Build.0 = Debug|Any CPU
		{B4627D6A-4D20-40D8-8C95-61927307C59E}.Release|Any CPU.ActiveCfg = Release|Any CPU
		{B4627D6A-4D20-40D8-8C95-61927307C59E}.Release|Any CPU.Build.0 = Release|Any CPU
		{816A5BA7-FA64-4CC3-AB76-29B1D8506215}.Debug|Any CPU.ActiveCfg = Debug|Any CPU
		{816A5BA7-FA64-4CC3-AB76-29B1D8506215}.Debug|Any CPU.Build.0 = Debug|Any CPU
		{816A5BA7-FA64-4CC3-AB76-29B1D8506215}.Release|Any CPU.ActiveCfg = Release|Any CPU
		{816A5BA7-FA64-4CC3-AB76-29B1D8506215}.Release|Any CPU.Build.0 = Release|Any CPU
		{81F1088E-E94C-478E-A602-F56C61E18EDE}.Debug|Any CPU.ActiveCfg = Debug|Any CPU
		{81F1088E-E94C-478E-A602-F56C61E18EDE}.Debug|Any CPU.Build.0 = Debug|Any CPU
		{81F1088E-E94C-478E-A602-F56C61E18EDE}.Release|Any CPU.ActiveCfg = Release|Any CPU
		{81F1088E-E94C-478E-A602-F56C61E18EDE}.Release|Any CPU.Build.0 = Release|Any CPU
		{9E95C35D-028B-4F7F-B2D6-5FA1C74EA1E9}.Debug|Any CPU.ActiveCfg = Debug|Any CPU
		{9E95C35D-028B-4F7F-B2D6-5FA1C74EA1E9}.Debug|Any CPU.Build.0 = Debug|Any CPU
		{9E95C35D-028B-4F7F-B2D6-5FA1C74EA1E9}.Release|Any CPU.ActiveCfg = Release|Any CPU
		{9E95C35D-028B-4F7F-B2D6-5FA1C74EA1E9}.Release|Any CPU.Build.0 = Release|Any CPU
		{D0C8A2C3-C033-4454-97B5-36C1AC971F4A}.Debug|Any CPU.ActiveCfg = Debug|Any CPU
		{D0C8A2C3-C033-4454-97B5-36C1AC971F4A}.Debug|Any CPU.Build.0 = Debug|Any CPU
		{D0C8A2C3-C033-4454-97B5-36C1AC971F4A}.Release|Any CPU.ActiveCfg = Release|Any CPU
		{D0C8A2C3-C033-4454-97B5-36C1AC971F4A}.Release|Any CPU.Build.0 = Release|Any CPU
		{657775ED-38BE-4232-BA95-CA59C98F3784}.Debug|Any CPU.ActiveCfg = Debug|Any CPU
		{657775ED-38BE-4232-BA95-CA59C98F3784}.Debug|Any CPU.Build.0 = Debug|Any CPU
		{657775ED-38BE-4232-BA95-CA59C98F3784}.Release|Any CPU.ActiveCfg = Release|Any CPU
		{657775ED-38BE-4232-BA95-CA59C98F3784}.Release|Any CPU.Build.0 = Release|Any CPU
		{4277A7DE-751C-4949-AB55-8CE1895551C9}.Debug|Any CPU.ActiveCfg = Debug|Any CPU
		{4277A7DE-751C-4949-AB55-8CE1895551C9}.Debug|Any CPU.Build.0 = Debug|Any CPU
		{4277A7DE-751C-4949-AB55-8CE1895551C9}.Release|Any CPU.ActiveCfg = Release|Any CPU
		{4277A7DE-751C-4949-AB55-8CE1895551C9}.Release|Any CPU.Build.0 = Release|Any CPU
		{3687018B-255A-4196-AF35-831A6AFE3DB9}.Debug|Any CPU.ActiveCfg = Debug|Any CPU
		{3687018B-255A-4196-AF35-831A6AFE3DB9}.Debug|Any CPU.Build.0 = Debug|Any CPU
		{3687018B-255A-4196-AF35-831A6AFE3DB9}.Release|Any CPU.ActiveCfg = Release|Any CPU
		{3687018B-255A-4196-AF35-831A6AFE3DB9}.Release|Any CPU.Build.0 = Release|Any CPU
	EndGlobalSection
	GlobalSection(SolutionProperties) = preSolution
		HideSolutionNode = FALSE
	EndGlobalSection
	GlobalSection(NestedProjects) = preSolution
		{6E96E4A7-E7A6-4F04-AEFB-E8919408887F} = {AA18328A-2BF1-4391-876D-EB5E6836721B}
		{C9B33D1C-BB0B-4DFF-8645-4CC0462243FC} = {E8BE9B20-A9E5-4790-BA5D-A3927F712108}
		{87D7D5F1-02D3-4250-B5B0-098BDC339394} = {E8BE9B20-A9E5-4790-BA5D-A3927F712108}
		{C397E975-18C8-4647-A411-77443BC8BC47} = {E8BE9B20-A9E5-4790-BA5D-A3927F712108}
		{3956E368-98DA-4EC3-B6D8-84115B79AD6D} = {E8BE9B20-A9E5-4790-BA5D-A3927F712108}
		{D4188F4E-D793-4756-9EF4-B2DF7248E926} = {E8BE9B20-A9E5-4790-BA5D-A3927F712108}
		{7CD4228C-F884-45DC-AE92-00C5E3F4064D} = {E8BE9B20-A9E5-4790-BA5D-A3927F712108}
		{FD8732DC-994E-4F77-AB0E-9022765649AD} = {AA18328A-2BF1-4391-876D-EB5E6836721B}
		{1CFB955F-9080-4F4E-A85A-AC680BC503FE} = {AA18328A-2BF1-4391-876D-EB5E6836721B}
		{ED344295-0270-4086-894C-71802A7702EC} = {AA18328A-2BF1-4391-876D-EB5E6836721B}
		{E30FDCAF-5513-49EE-BD94-6B37F1FD5846} = {AA18328A-2BF1-4391-876D-EB5E6836721B}
		{B75C9181-D431-4A70-A16F-D3D9BE4EFE9F} = {AA18328A-2BF1-4391-876D-EB5E6836721B}
		{8EBED27F-668B-4F9F-86F7-6A93190EB853} = {AA18328A-2BF1-4391-876D-EB5E6836721B}
		{D1715F0C-9218-4312-98F6-8F57D240AF46} = {AA18328A-2BF1-4391-876D-EB5E6836721B}
		{2408B9EA-32C3-406F-BACE-CCC79D961AF6} = {AA18328A-2BF1-4391-876D-EB5E6836721B}
		{F1770487-F830-49EF-9B13-4C5DE2FDF531} = {AA18328A-2BF1-4391-876D-EB5E6836721B}
		{C29C8C37-0CEF-4E23-9248-BB754EE8EB72} = {AA18328A-2BF1-4391-876D-EB5E6836721B}
		{3EE4DD03-3823-4173-9478-C5A123CBE918} = {AA18328A-2BF1-4391-876D-EB5E6836721B}
		{DFD7C66E-FF22-4051-ACDE-8BD0FB2D401B} = {AA18328A-2BF1-4391-876D-EB5E6836721B}
		{B4627D6A-4D20-40D8-8C95-61927307C59E} = {AA18328A-2BF1-4391-876D-EB5E6836721B}
		{816A5BA7-FA64-4CC3-AB76-29B1D8506215} = {AA18328A-2BF1-4391-876D-EB5E6836721B}
		{81F1088E-E94C-478E-A602-F56C61E18EDE} = {AA18328A-2BF1-4391-876D-EB5E6836721B}
		{9E95C35D-028B-4F7F-B2D6-5FA1C74EA1E9} = {AA18328A-2BF1-4391-876D-EB5E6836721B}
		{D0C8A2C3-C033-4454-97B5-36C1AC971F4A} = {AA18328A-2BF1-4391-876D-EB5E6836721B}
		{657775ED-38BE-4232-BA95-CA59C98F3784} = {AA18328A-2BF1-4391-876D-EB5E6836721B}
		{4277A7DE-751C-4949-AB55-8CE1895551C9} = {44E27190-F64A-4F83-854B-FB92FDA0E528}
		{3687018B-255A-4196-AF35-831A6AFE3DB9} = {44E27190-F64A-4F83-854B-FB92FDA0E528}
	EndGlobalSection
	GlobalSection(ExtensibilityGlobals) = postSolution
		SolutionGuid = {6607487D-21D3-4B63-B592-66C4D200D035}
	EndGlobalSection
EndGlobal
