
Microsoft Visual Studio Solution File, Format Version 12.00
# Visual Studio Version 17
VisualStudioVersion = 17.4.33103.184
MinimumVisualStudioVersion = 10.0.40219.1
Project("{9A19103F-16F7-4668-BE54-9A1E7A4F7556}") = "Wheel.WebApi.Host", "backend\Wheel.WebApi.Host\Wheel.WebApi.Host.csproj", "{666F74EE-6FC9-4FE2-9A5F-16188F725ECD}"
EndProject
Project("{FAE04EC0-301F-11D3-BF4B-00C04F79EFBC}") = "Wheel.Core", "backend\Wheel.Core\Wheel.Core.csproj", "{45809F4C-2EDC-4838-A995-FDDE4FD31CC4}"
EndProject
Project("{FAE04EC0-301F-11D3-BF4B-00C04F79EFBC}") = "Wheel.Domain", "backend\Wheel.Domain\Wheel.Domain.csproj", "{3D829D3D-AD5C-4C97-99C0-A77F5BC65A7C}"
EndProject
Project("{FAE04EC0-301F-11D3-BF4B-00C04F79EFBC}") = "Wheel.Shared", "backend\Wheel.Shared\Wheel.Shared.csproj", "{3A724C3F-5A4F-4358-B817-28AEAE2643E6}"
EndProject
Project("{FAE04EC0-301F-11D3-BF4B-00C04F79EFBC}") = "Wheel.Data", "backend\Wheel.Data\Wheel.Data.csproj", "{C4BA4237-0758-49E2-9B72-5F618A94B19E}"
EndProject
Project("{FAE04EC0-301F-11D3-BF4B-00C04F79EFBC}") = "Wheel.Application", "backend\Wheel.Application\Wheel.Application.csproj", "{CF10B9C4-6908-47AF-AF5F-BA0DB363A805}"
EndProject
Project("{FAE04EC0-301F-11D3-BF4B-00C04F79EFBC}") = "Wheel.Api", "backend\Wheel.Api\Wheel.Api.csproj", "{5BD28DB0-F122-42A4-B212-AC7E17D6D471}"
EndProject
Global
	GlobalSection(SolutionConfigurationPlatforms) = preSolution
		Debug|Any CPU = Debug|Any CPU
		Release|Any CPU = Release|Any CPU
	EndGlobalSection
	GlobalSection(ProjectConfigurationPlatforms) = postSolution
		{666F74EE-6FC9-4FE2-9A5F-16188F725ECD}.Debug|Any CPU.ActiveCfg = Debug|Any CPU
		{666F74EE-6FC9-4FE2-9A5F-16188F725ECD}.Debug|Any CPU.Build.0 = Debug|Any CPU
		{666F74EE-6FC9-4FE2-9A5F-16188F725ECD}.Release|Any CPU.ActiveCfg = Release|Any CPU
		{666F74EE-6FC9-4FE2-9A5F-16188F725ECD}.Release|Any CPU.Build.0 = Release|Any CPU
		{45809F4C-2EDC-4838-A995-FDDE4FD31CC4}.Debug|Any CPU.ActiveCfg = Debug|Any CPU
		{45809F4C-2EDC-4838-A995-FDDE4FD31CC4}.Debug|Any CPU.Build.0 = Debug|Any CPU
		{45809F4C-2EDC-4838-A995-FDDE4FD31CC4}.Release|Any CPU.ActiveCfg = Release|Any CPU
		{45809F4C-2EDC-4838-A995-FDDE4FD31CC4}.Release|Any CPU.Build.0 = Release|Any CPU
		{3D829D3D-AD5C-4C97-99C0-A77F5BC65A7C}.Debug|Any CPU.ActiveCfg = Debug|Any CPU
		{3D829D3D-AD5C-4C97-99C0-A77F5BC65A7C}.Debug|Any CPU.Build.0 = Debug|Any CPU
		{3D829D3D-AD5C-4C97-99C0-A77F5BC65A7C}.Release|Any CPU.ActiveCfg = Release|Any CPU
		{3D829D3D-AD5C-4C97-99C0-A77F5BC65A7C}.Release|Any CPU.Build.0 = Release|Any CPU
		{3A724C3F-5A4F-4358-B817-28AEAE2643E6}.Debug|Any CPU.ActiveCfg = Debug|Any CPU
		{3A724C3F-5A4F-4358-B817-28AEAE2643E6}.Debug|Any CPU.Build.0 = Debug|Any CPU
		{3A724C3F-5A4F-4358-B817-28AEAE2643E6}.Release|Any CPU.ActiveCfg = Release|Any CPU
		{3A724C3F-5A4F-4358-B817-28AEAE2643E6}.Release|Any CPU.Build.0 = Release|Any CPU
		{C4BA4237-0758-49E2-9B72-5F618A94B19E}.Debug|Any CPU.ActiveCfg = Debug|Any CPU
		{C4BA4237-0758-49E2-9B72-5F618A94B19E}.Debug|Any CPU.Build.0 = Debug|Any CPU
		{C4BA4237-0758-49E2-9B72-5F618A94B19E}.Release|Any CPU.ActiveCfg = Release|Any CPU
		{C4BA4237-0758-49E2-9B72-5F618A94B19E}.Release|Any CPU.Build.0 = Release|Any CPU
		{CF10B9C4-6908-47AF-AF5F-BA0DB363A805}.Debug|Any CPU.ActiveCfg = Debug|Any CPU
		{CF10B9C4-6908-47AF-AF5F-BA0DB363A805}.Debug|Any CPU.Build.0 = Debug|Any CPU
		{CF10B9C4-6908-47AF-AF5F-BA0DB363A805}.Release|Any CPU.ActiveCfg = Release|Any CPU
		{CF10B9C4-6908-47AF-AF5F-BA0DB363A805}.Release|Any CPU.Build.0 = Release|Any CPU
		{5BD28DB0-F122-42A4-B212-AC7E17D6D471}.Debug|Any CPU.ActiveCfg = Debug|Any CPU
		{5BD28DB0-F122-42A4-B212-AC7E17D6D471}.Debug|Any CPU.Build.0 = Debug|Any CPU
		{5BD28DB0-F122-42A4-B212-AC7E17D6D471}.Release|Any CPU.ActiveCfg = Release|Any CPU
		{5BD28DB0-F122-42A4-B212-AC7E17D6D471}.Release|Any CPU.Build.0 = Release|Any CPU
	EndGlobalSection
	GlobalSection(SolutionProperties) = preSolution
		HideSolutionNode = FALSE
	EndGlobalSection
	GlobalSection(ExtensibilityGlobals) = postSolution
		SolutionGuid = {6607487D-21D3-4B63-B592-66C4D200D035}
	EndGlobalSection
EndGlobal
